// !$*UTF8*$!
{
	archiveVersion = 1;
	classes = {
	};
	objectVersion = 50;
	objects = {

/* Begin PBXBuildFile section */
		75ABCF010A17A166EF0518A7 /* Pods_Install_Rx.framework in Frameworks */ = {isa = PBXBuildFile; fileRef = C3CCC79D4C7CC3ACBDB790E6 /* Pods_Install_Rx.framework */; };
		E2552A512236408A0044C5FE /* APIController.swift in Sources */ = {isa = PBXBuildFile; fileRef = E2552A502236408A0044C5FE /* APIController.swift */; };
		E2FE30F8222D23D7007C7D4E /* AppDelegate.swift in Sources */ = {isa = PBXBuildFile; fileRef = E2FE30F7222D23D7007C7D4E /* AppDelegate.swift */; };
		E2FE30FA222D23D7007C7D4E /* ViewController.swift in Sources */ = {isa = PBXBuildFile; fileRef = E2FE30F9222D23D7007C7D4E /* ViewController.swift */; };
		E2FE30FD222D23D7007C7D4E /* Main.storyboard in Resources */ = {isa = PBXBuildFile; fileRef = E2FE30FB222D23D7007C7D4E /* Main.storyboard */; };
		E2FE30FF222D23D8007C7D4E /* Assets.xcassets in Resources */ = {isa = PBXBuildFile; fileRef = E2FE30FE222D23D8007C7D4E /* Assets.xcassets */; };
		E2FE3102222D23D8007C7D4E /* LaunchScreen.storyboard in Resources */ = {isa = PBXBuildFile; fileRef = E2FE3100222D23D8007C7D4E /* LaunchScreen.storyboard */; };
/* End PBXBuildFile section */

/* Begin PBXFileReference section */
		97A2B0F420A709665C3F2A43 /* Pods-Install Rx.release.xcconfig */ = {isa = PBXFileReference; includeInIndex = 1; lastKnownFileType = text.xcconfig; name = "Pods-Install Rx.release.xcconfig"; path = "Target Support Files/Pods-Install Rx/Pods-Install Rx.release.xcconfig"; sourceTree = "<group>"; };
		C3CCC79D4C7CC3ACBDB790E6 /* Pods_Install_Rx.framework */ = {isa = PBXFileReference; explicitFileType = wrapper.framework; includeInIndex = 0; path = Pods_Install_Rx.framework; sourceTree = BUILT_PRODUCTS_DIR; };
		C4ED3A9AE8D93B0899C5CBF0 /* Pods-Install Rx.debug.xcconfig */ = {isa = PBXFileReference; includeInIndex = 1; lastKnownFileType = text.xcconfig; name = "Pods-Install Rx.debug.xcconfig"; path = "Target Support Files/Pods-Install Rx/Pods-Install Rx.debug.xcconfig"; sourceTree = "<group>"; };
		E2552A502236408A0044C5FE /* APIController.swift */ = {isa = PBXFileReference; lastKnownFileType = sourcecode.swift; path = APIController.swift; sourceTree = "<group>"; };
		E2FE30F4222D23D7007C7D4E /* Install Rx.app */ = {isa = PBXFileReference; explicitFileType = wrapper.application; includeInIndex = 0; path = "Install Rx.app"; sourceTree = BUILT_PRODUCTS_DIR; };
		E2FE30F7222D23D7007C7D4E /* AppDelegate.swift */ = {isa = PBXFileReference; lastKnownFileType = sourcecode.swift; path = AppDelegate.swift; sourceTree = "<group>"; };
		E2FE30F9222D23D7007C7D4E /* ViewController.swift */ = {isa = PBXFileReference; lastKnownFileType = sourcecode.swift; path = ViewController.swift; sourceTree = "<group>"; };
		E2FE30FC222D23D7007C7D4E /* Base */ = {isa = PBXFileReference; lastKnownFileType = file.storyboard; name = Base; path = Base.lproj/Main.storyboard; sourceTree = "<group>"; };
		E2FE30FE222D23D8007C7D4E /* Assets.xcassets */ = {isa = PBXFileReference; lastKnownFileType = folder.assetcatalog; path = Assets.xcassets; sourceTree = "<group>"; };
		E2FE3101222D23D8007C7D4E /* Base */ = {isa = PBXFileReference; lastKnownFileType = file.storyboard; name = Base; path = Base.lproj/LaunchScreen.storyboard; sourceTree = "<group>"; };
		E2FE3103222D23D8007C7D4E /* Info.plist */ = {isa = PBXFileReference; lastKnownFileType = text.plist.xml; path = Info.plist; sourceTree = "<group>"; };
		E2FE3109222D282D007C7D4E /* Install Rx.playground */ = {isa = PBXFileReference; lastKnownFileType = file.playground; path = "Install Rx.playground"; sourceTree = "<group>"; xcLanguageSpecificationIdentifier = xcode.lang.swift; };
/* End PBXFileReference section */

/* Begin PBXFrameworksBuildPhase section */
		E2FE30F1222D23D7007C7D4E /* Frameworks */ = {
			isa = PBXFrameworksBuildPhase;
			buildActionMask = 2147483647;
			files = (
				75ABCF010A17A166EF0518A7 /* Pods_Install_Rx.framework in Frameworks */,
			);
			runOnlyForDeploymentPostprocessing = 0;
		};
/* End PBXFrameworksBuildPhase section */

/* Begin PBXGroup section */
		033222ED2B93EEA43A036907 /* Frameworks */ = {
			isa = PBXGroup;
			children = (
				C3CCC79D4C7CC3ACBDB790E6 /* Pods_Install_Rx.framework */,
			);
			name = Frameworks;
			sourceTree = "<group>";
		};
		4B58FB6445302B290DA5182F /* Pods */ = {
			isa = PBXGroup;
			children = (
				C4ED3A9AE8D93B0899C5CBF0 /* Pods-Install Rx.debug.xcconfig */,
				97A2B0F420A709665C3F2A43 /* Pods-Install Rx.release.xcconfig */,
			);
			path = Pods;
			sourceTree = "<group>";
		};
		E2FE30EB222D23D7007C7D4E = {
			isa = PBXGroup;
			children = (
				E2FE30F6222D23D7007C7D4E /* Install Rx */,
				E2FE30F5222D23D7007C7D4E /* Products */,
				4B58FB6445302B290DA5182F /* Pods */,
				033222ED2B93EEA43A036907 /* Frameworks */,
			);
			sourceTree = "<group>";
		};
		E2FE30F5222D23D7007C7D4E /* Products */ = {
			isa = PBXGroup;
			children = (
				E2FE30F4222D23D7007C7D4E /* Install Rx.app */,
			);
			name = Products;
			sourceTree = "<group>";
		};
		E2FE30F6222D23D7007C7D4E /* Install Rx */ = {
			isa = PBXGroup;
			children = (
				E2FE30F7222D23D7007C7D4E /* AppDelegate.swift */,
				E2FE30F9222D23D7007C7D4E /* ViewController.swift */,
				E2FE30FB222D23D7007C7D4E /* Main.storyboard */,
				E2FE30FE222D23D8007C7D4E /* Assets.xcassets */,
				E2FE3100222D23D8007C7D4E /* LaunchScreen.storyboard */,
				E2FE3103222D23D8007C7D4E /* Info.plist */,
				E2FE3109222D282D007C7D4E /* Install Rx.playground */,
				E2552A502236408A0044C5FE /* APIController.swift */,
			);
			path = "Install Rx";
			sourceTree = "<group>";
		};
/* End PBXGroup section */

/* Begin PBXNativeTarget section */
		E2FE30F3222D23D7007C7D4E /* Install Rx */ = {
			isa = PBXNativeTarget;
			buildConfigurationList = E2FE3106222D23D8007C7D4E /* Build configuration list for PBXNativeTarget "Install Rx" */;
			buildPhases = (
				3F552BBF9099A7BDB26C4C12 /* [CP] Check Pods Manifest.lock */,
				E2FE30F0222D23D7007C7D4E /* Sources */,
				E2FE30F1222D23D7007C7D4E /* Frameworks */,
				E2FE30F2222D23D7007C7D4E /* Resources */,
				E64C5848644C2ED94FDBFBDA /* [CP] Embed Pods Frameworks */,
			);
			buildRules = (
			);
			dependencies = (
			);
			name = "Install Rx";
			productName = "Install Rx";
			productReference = E2FE30F4222D23D7007C7D4E /* Install Rx.app */;
			productType = "com.apple.product-type.application";
		};
/* End PBXNativeTarget section */

/* Begin PBXProject section */
		E2FE30EC222D23D7007C7D4E /* Project object */ = {
			isa = PBXProject;
			attributes = {
				LastSwiftUpdateCheck = 1010;
				LastUpgradeCheck = 1010;
				ORGANIZATIONNAME = "정영빈";
				TargetAttributes = {
					E2FE30F3222D23D7007C7D4E = {
						CreatedOnToolsVersion = 10.1;
					};
				};
			};
			buildConfigurationList = E2FE30EF222D23D7007C7D4E /* Build configuration list for PBXProject "Install Rx" */;
			compatibilityVersion = "Xcode 9.3";
			developmentRegion = en;
			hasScannedForEncodings = 0;
			knownRegions = (
				en,
				Base,
			);
			mainGroup = E2FE30EB222D23D7007C7D4E;
			productRefGroup = E2FE30F5222D23D7007C7D4E /* Products */;
			projectDirPath = "";
			projectRoot = "";
			targets = (
				E2FE30F3222D23D7007C7D4E /* Install Rx */,
			);
		};
/* End PBXProject section */

/* Begin PBXResourcesBuildPhase section */
		E2FE30F2222D23D7007C7D4E /* Resources */ = {
			isa = PBXResourcesBuildPhase;
			buildActionMask = 2147483647;
			files = (
				E2FE3102222D23D8007C7D4E /* LaunchScreen.storyboard in Resources */,
				E2FE30FF222D23D8007C7D4E /* Assets.xcassets in Resources */,
				E2FE30FD222D23D7007C7D4E /* Main.storyboard in Resources */,
			);
			runOnlyForDeploymentPostprocessing = 0;
		};
/* End PBXResourcesBuildPhase section */

/* Begin PBXShellScriptBuildPhase section */
		3F552BBF9099A7BDB26C4C12 /* [CP] Check Pods Manifest.lock */ = {
			isa = PBXShellScriptBuildPhase;
			buildActionMask = 2147483647;
			files = (
			);
			inputFileListPaths = (
			);
			inputPaths = (
				"${PODS_PODFILE_DIR_PATH}/Podfile.lock",
				"${PODS_ROOT}/Manifest.lock",
			);
			name = "[CP] Check Pods Manifest.lock";
			outputFileListPaths = (
			);
			outputPaths = (
				"$(DERIVED_FILE_DIR)/Pods-Install Rx-checkManifestLockResult.txt",
			);
			runOnlyForDeploymentPostprocessing = 0;
			shellPath = /bin/sh;
			shellScript = "diff \"${PODS_PODFILE_DIR_PATH}/Podfile.lock\" \"${PODS_ROOT}/Manifest.lock\" > /dev/null\nif [ $? != 0 ] ; then\n    # print error to STDERR\n    echo \"error: The sandbox is not in sync with the Podfile.lock. Run 'pod install' or update your CocoaPods installation.\" >&2\n    exit 1\nfi\n# This output is used by Xcode 'outputs' to avoid re-running this script phase.\necho \"SUCCESS\" > \"${SCRIPT_OUTPUT_FILE_0}\"\n";
			showEnvVarsInLog = 0;
		};
		E64C5848644C2ED94FDBFBDA /* [CP] Embed Pods Frameworks */ = {
			isa = PBXShellScriptBuildPhase;
			buildActionMask = 2147483647;
			files = (
			);
			inputFileListPaths = (
			);
			inputPaths = (
				"${PODS_ROOT}/Target Support Files/Pods-Install Rx/Pods-Install Rx-frameworks.sh",
				"${BUILT_PRODUCTS_DIR}/RxAtomic/RxAtomic.framework",
				"${BUILT_PRODUCTS_DIR}/RxCocoa/RxCocoa.framework",
				"${BUILT_PRODUCTS_DIR}/RxSwift/RxSwift.framework",
			);
			name = "[CP] Embed Pods Frameworks";
			outputFileListPaths = (
			);
			outputPaths = (
				"${TARGET_BUILD_DIR}/${FRAMEWORKS_FOLDER_PATH}/RxAtomic.framework",
				"${TARGET_BUILD_DIR}/${FRAMEWORKS_FOLDER_PATH}/RxCocoa.framework",
				"${TARGET_BUILD_DIR}/${FRAMEWORKS_FOLDER_PATH}/RxSwift.framework",
			);
			runOnlyForDeploymentPostprocessing = 0;
			shellPath = /bin/sh;
			shellScript = "\"${PODS_ROOT}/Target Support Files/Pods-Install Rx/Pods-Install Rx-frameworks.sh\"\n";
			showEnvVarsInLog = 0;
		};
/* End PBXShellScriptBuildPhase section */

/* Begin PBXSourcesBuildPhase section */
		E2FE30F0222D23D7007C7D4E /* Sources */ = {
			isa = PBXSourcesBuildPhase;
			buildActionMask = 2147483647;
			files = (
				E2FE30FA222D23D7007C7D4E /* ViewController.swift in Sources */,
				E2FE30F8222D23D7007C7D4E /* AppDelegate.swift in Sources */,
				E2552A512236408A0044C5FE /* APIController.swift in Sources */,
			);
			runOnlyForDeploymentPostprocessing = 0;
		};
/* End PBXSourcesBuildPhase section */

/* Begin PBXVariantGroup section */
		E2FE30FB222D23D7007C7D4E /* Main.storyboard */ = {
			isa = PBXVariantGroup;
			children = (
				E2FE30FC222D23D7007C7D4E /* Base */,
			);
			name = Main.storyboard;
			sourceTree = "<group>";
		};
		E2FE3100222D23D8007C7D4E /* LaunchScreen.storyboard */ = {
			isa = PBXVariantGroup;
			children = (
				E2FE3101222D23D8007C7D4E /* Base */,
			);
			name = LaunchScreen.storyboard;
			sourceTree = "<group>";
		};
/* End PBXVariantGroup section */

/* Begin XCBuildConfiguration section */
		E2FE3104222D23D8007C7D4E /* Debug */ = {
			isa = XCBuildConfiguration;
			buildSettings = {
				ALWAYS_SEARCH_USER_PATHS = NO;
				CLANG_ANALYZER_NONNULL = YES;
				CLANG_ANALYZER_NUMBER_OBJECT_CONVERSION = YES_AGGRESSIVE;
				CLANG_CXX_LANGUAGE_STANDARD = "gnu++14";
				CLANG_CXX_LIBRARY = "libc++";
				CLANG_ENABLE_MODULES = YES;
				CLANG_ENABLE_OBJC_ARC = YES;
				CLANG_ENABLE_OBJC_WEAK = YES;
				CLANG_WARN_BLOCK_CAPTURE_AUTORELEASING = YES;
				CLANG_WARN_BOOL_CONVERSION = YES;
				CLANG_WARN_COMMA = YES;
				CLANG_WARN_CONSTANT_CONVERSION = YES;
				CLANG_WARN_DEPRECATED_OBJC_IMPLEMENTATIONS = YES;
				CLANG_WARN_DIRECT_OBJC_ISA_USAGE = YES_ERROR;
				CLANG_WARN_DOCUMENTATION_COMMENTS = YES;
				CLANG_WARN_EMPTY_BODY = YES;
				CLANG_WARN_ENUM_CONVERSION = YES;
				CLANG_WARN_INFINITE_RECURSION = YES;
				CLANG_WARN_INT_CONVERSION = YES;
				CLANG_WARN_NON_LITERAL_NULL_CONVERSION = YES;
				CLANG_WARN_OBJC_IMPLICIT_RETAIN_SELF = YES;
				CLANG_WARN_OBJC_LITERAL_CONVERSION = YES;
				CLANG_WARN_OBJC_ROOT_CLASS = YES_ERROR;
				CLANG_WARN_RANGE_LOOP_ANALYSIS = YES;
				CLANG_WARN_STRICT_PROTOTYPES = YES;
				CLANG_WARN_SUSPICIOUS_MOVE = YES;
				CLANG_WARN_UNGUARDED_AVAILABILITY = YES_AGGRESSIVE;
				CLANG_WARN_UNREACHABLE_CODE = YES;
				CLANG_WARN__DUPLICATE_METHOD_MATCH = YES;
				CODE_SIGN_IDENTITY = "iPhone Developer";
				COPY_PHASE_STRIP = NO;
				DEBUG_INFORMATION_FORMAT = dwarf;
				ENABLE_STRICT_OBJC_MSGSEND = YES;
				ENABLE_TESTABILITY = YES;
				GCC_C_LANGUAGE_STANDARD = gnu11;
				GCC_DYNAMIC_NO_PIC = NO;
				GCC_NO_COMMON_BLOCKS = YES;
				GCC_OPTIMIZATION_LEVEL = 0;
				GCC_PREPROCESSOR_DEFINITIONS = (
					"DEBUG=1",
					"$(inherited)",
				);
				GCC_WARN_64_TO_32_BIT_CONVERSION = YES;
				GCC_WARN_ABOUT_RETURN_TYPE = YES_ERROR;
				GCC_WARN_UNDECLARED_SELECTOR = YES;
				GCC_WARN_UNINITIALIZED_AUTOS = YES_AGGRESSIVE;
				GCC_WARN_UNUSED_FUNCTION = YES;
				GCC_WARN_UNUSED_VARIABLE = YES;
				IPHONEOS_DEPLOYMENT_TARGET = 12.1;
				MTL_ENABLE_DEBUG_INFO = INCLUDE_SOURCE;
				MTL_FAST_MATH = YES;
				ONLY_ACTIVE_ARCH = YES;
				SDKROOT = iphoneos;
				SWIFT_ACTIVE_COMPILATION_CONDITIONS = DEBUG;
				SWIFT_OPTIMIZATION_LEVEL = "-Onone";
			};
			name = Debug;
		};
		E2FE3105222D23D8007C7D4E /* Release */ = {
			isa = XCBuildConfiguration;
			buildSettings = {
				ALWAYS_SEARCH_USER_PATHS = NO;
				CLANG_ANALYZER_NONNULL = YES;
				CLANG_ANALYZER_NUMBER_OBJECT_CONVERSION = YES_AGGRESSIVE;
				CLANG_CXX_LANGUAGE_STANDARD = "gnu++14";
				CLANG_CXX_LIBRARY = "libc++";
				CLANG_ENABLE_MODULES = YES;
				CLANG_ENABLE_OBJC_ARC = YES;
				CLANG_ENABLE_OBJC_WEAK = YES;
				CLANG_WARN_BLOCK_CAPTURE_AUTORELEASING = YES;
				CLANG_WARN_BOOL_CONVERSION = YES;
				CLANG_WARN_COMMA = YES;
				CLANG_WARN_CONSTANT_CONVERSION = YES;
				CLANG_WARN_DEPRECATED_OBJC_IMPLEMENTATIONS = YES;
				CLANG_WARN_DIRECT_OBJC_ISA_USAGE = YES_ERROR;
				CLANG_WARN_DOCUMENTATION_COMMENTS = YES;
				CLANG_WARN_EMPTY_BODY = YES;
				CLANG_WARN_ENUM_CONVERSION = YES;
				CLANG_WARN_INFINITE_RECURSION = YES;
				CLANG_WARN_INT_CONVERSION = YES;
				CLANG_WARN_NON_LITERAL_NULL_CONVERSION = YES;
				CLANG_WARN_OBJC_IMPLICIT_RETAIN_SELF = YES;
				CLANG_WARN_OBJC_LITERAL_CONVERSION = YES;
				CLANG_WARN_OBJC_ROOT_CLASS = YES_ERROR;
				CLANG_WARN_RANGE_LOOP_ANALYSIS = YES;
				CLANG_WARN_STRICT_PROTOTYPES = YES;
				CLANG_WARN_SUSPICIOUS_MOVE = YES;
				CLANG_WARN_UNGUARDED_AVAILABILITY = YES_AGGRESSIVE;
				CLANG_WARN_UNREACHABLE_CODE = YES;
				CLANG_WARN__DUPLICATE_METHOD_MATCH = YES;
				CODE_SIGN_IDENTITY = "iPhone Developer";
				COPY_PHASE_STRIP = NO;
				DEBUG_INFORMATION_FORMAT = "dwarf-with-dsym";
				ENABLE_NS_ASSERTIONS = NO;
				ENABLE_STRICT_OBJC_MSGSEND = YES;
				GCC_C_LANGUAGE_STANDARD = gnu11;
				GCC_NO_COMMON_BLOCKS = YES;
				GCC_WARN_64_TO_32_BIT_CONVERSION = YES;
				GCC_WARN_ABOUT_RETURN_TYPE = YES_ERROR;
				GCC_WARN_UNDECLARED_SELECTOR = YES;
				GCC_WARN_UNINITIALIZED_AUTOS = YES_AGGRESSIVE;
				GCC_WARN_UNUSED_FUNCTION = YES;
				GCC_WARN_UNUSED_VARIABLE = YES;
				IPHONEOS_DEPLOYMENT_TARGET = 12.1;
				MTL_ENABLE_DEBUG_INFO = NO;
				MTL_FAST_MATH = YES;
				SDKROOT = iphoneos;
				SWIFT_COMPILATION_MODE = wholemodule;
				SWIFT_OPTIMIZATION_LEVEL = "-O";
				VALIDATE_PRODUCT = YES;
			};
			name = Release;
		};
		E2FE3107222D23D8007C7D4E /* Debug */ = {
			isa = XCBuildConfiguration;
			baseConfigurationReference = C4ED3A9AE8D93B0899C5CBF0 /* Pods-Install Rx.debug.xcconfig */;
			buildSettings = {
				ASSETCATALOG_COMPILER_APPICON_NAME = AppIcon;
				CODE_SIGN_STYLE = Automatic;
				INFOPLIST_FILE = "Install Rx/Info.plist";
				LD_RUNPATH_SEARCH_PATHS = (
					"$(inherited)",
					"@executable_path/Frameworks",
				);
				PRODUCT_BUNDLE_IDENTIFIER = "test.Install-Rx";
				PRODUCT_NAME = "$(TARGET_NAME)";
				SWIFT_VERSION = 4.2;
				TARGETED_DEVICE_FAMILY = "1,2";
			};
			name = Debug;
		};
		E2FE3108222D23D8007C7D4E /* Release */ = {
			isa = XCBuildConfiguration;
			baseConfigurationReference = 97A2B0F420A709665C3F2A43 /* Pods-Install Rx.release.xcconfig */;
			buildSettings = {
				ASSETCATALOG_COMPILER_APPICON_NAME = AppIcon;
				CODE_SIGN_STYLE = Automatic;
				INFOPLIST_FILE = "Install Rx/Info.plist";
				LD_RUNPATH_SEARCH_PATHS = (
					"$(inherited)",
					"@executable_path/Frameworks",
				);
				PRODUCT_BUNDLE_IDENTIFIER = "test.Install-Rx";
				PRODUCT_NAME = "$(TARGET_NAME)";
				SWIFT_VERSION = 4.2;
				TARGETED_DEVICE_FAMILY = "1,2";
			};
			name = Release;
		};
/* End XCBuildConfiguration section */

/* Begin XCConfigurationList section */
		E2FE30EF222D23D7007C7D4E /* Build configuration list for PBXProject "Install Rx" */ = {
			isa = XCConfigurationList;
			buildConfigurations = (
				E2FE3104222D23D8007C7D4E /* Debug */,
				E2FE3105222D23D8007C7D4E /* Release */,
			);
			defaultConfigurationIsVisible = 0;
			defaultConfigurationName = Release;
		};
		E2FE3106222D23D8007C7D4E /* Build configuration list for PBXNativeTarget "Install Rx" */ = {
			isa = XCConfigurationList;
			buildConfigurations = (
				E2FE3107222D23D8007C7D4E /* Debug */,
				E2FE3108222D23D8007C7D4E /* Release */,
			);
			defaultConfigurationIsVisible = 0;
			defaultConfigurationName = Release;
		};
/* End XCConfigurationList section */
	};
	rootObject = E2FE30EC222D23D7007C7D4E /* Project object */;
}
